// !$*UTF8*$!
{
	archiveVersion = 1;
	classes = {
	};
	objectVersion = 46;
	objects = {

/* Begin PBXBuildFile section */
		04A448F42110409100E91A6B /* GSTextFieldTitleView.m in Sources */ = {isa = PBXBuildFile; fileRef = 04A448F32110409100E91A6B /* GSTextFieldTitleView.m */; };
		04A448F82110412800E91A6B /* UIView+SetRect.m in Sources */ = {isa = PBXBuildFile; fileRef = 04A448F62110412800E91A6B /* UIView+SetRect.m */; };
		04A448FB211042E900E91A6B /* GSFastConfigController.m in Sources */ = {isa = PBXBuildFile; fileRef = 04A448FA211042E900E91A6B /* GSFastConfigController.m */; };
		04A448FE211060FE00E91A6B /* GSFastPublishController.m in Sources */ = {isa = PBXBuildFile; fileRef = 04A448FD211060FE00E91A6B /* GSFastPublishController.m */; };
		04A44A55211088E900E91A6B /* GSFastBaseViewController.m in Sources */ = {isa = PBXBuildFile; fileRef = 04A44A54211088E900E91A6B /* GSFastBaseViewController.m */; };
		04A44A5821108AE800E91A6B /* GSFastNavigationController.m in Sources */ = {isa = PBXBuildFile; fileRef = 04A44A5721108AE800E91A6B /* GSFastNavigationController.m */; };
		04E2FD1320EE440D00CF0F3C /* 打赏@2x.png in Resources */ = {isa = PBXBuildFile; fileRef = 04E2FD1120EE440D00CF0F3C /* 打赏@2x.png */; };
		04E2FD1520EF3F9200CF0F3C /* nav_status_wifi@2x.png in Resources */ = {isa = PBXBuildFile; fileRef = 04E2FD1420EF3F9200CF0F3C /* nav_status_wifi@2x.png */; };
		170F790D1E013FDA00D99A76 /* main.m in Sources */ = {isa = PBXBuildFile; fileRef = 170F790C1E013FDA00D99A76 /* main.m */; };
		170F79101E013FDA00D99A76 /* AppDelegate.m in Sources */ = {isa = PBXBuildFile; fileRef = 170F790F1E013FDA00D99A76 /* AppDelegate.m */; };
		170F79161E013FDA00D99A76 /* Main.storyboard in Resources */ = {isa = PBXBuildFile; fileRef = 170F79141E013FDA00D99A76 /* Main.storyboard */; };
		170F79181E013FDA00D99A76 /* Assets.xcassets in Resources */ = {isa = PBXBuildFile; fileRef = 170F79171E013FDA00D99A76 /* Assets.xcassets */; };
		170F791B1E013FDA00D99A76 /* LaunchScreen.storyboard in Resources */ = {isa = PBXBuildFile; fileRef = 170F79191E013FDA00D99A76 /* LaunchScreen.storyboard */; };
		8E1B71D621B920E1008C9FCD /* GSFastVodController.m in Sources */ = {isa = PBXBuildFile; fileRef = 65B0F6442191391700C040AF /* GSFastVodController.m */; };
		A8490F061E83A2AC005697E6 /* as_one.wav in Resources */ = {isa = PBXBuildFile; fileRef = A8490F031E83A2AC005697E6 /* as_one.wav */; };
		A8490F071E83A2AC005697E6 /* as_three.wav in Resources */ = {isa = PBXBuildFile; fileRef = A8490F041E83A2AC005697E6 /* as_three.wav */; };
		A8490F081E83A2AC005697E6 /* as_two.wav in Resources */ = {isa = PBXBuildFile; fileRef = A8490F051E83A2AC005697E6 /* as_two.wav */; };
		C45ACCD2D6CE4E02AD8A0062 /* libPods-FastDemo.a in Frameworks */ = {isa = PBXBuildFile; fileRef = 4E62B847D48F27E60E50703A /* libPods-FastDemo.a */; };
/* End PBXBuildFile section */

/* Begin PBXBuildRule section */
		A8BDA3151EA701F500E13BF7 /* PBXBuildRule */ = {
			isa = PBXBuildRule;
			compilerSpec = com.apple.compilers.proxy.script;
			fileType = pattern.proxy;
			isEditable = 1;
			outputFiles = (
			);
			script = "# Type a script or drag a script file from your workspace to insert its path.\n";
		};
/* End PBXBuildRule section */

/* Begin PBXFileReference section */
		042C0D1F207B36450013019A /* libGPUImage.a */ = {isa = PBXFileReference; explicitFileType = archive.ar; path = libGPUImage.a; sourceTree = BUILT_PRODUCTS_DIR; };
		042C0D20207B36450013019A /* libIQKeyboardManager.a */ = {isa = PBXFileReference; explicitFileType = archive.ar; path = libIQKeyboardManager.a; sourceTree = BUILT_PRODUCTS_DIR; };
		042C0D21207B36450013019A /* libMasonry.a */ = {isa = PBXFileReference; explicitFileType = archive.ar; path = libMasonry.a; sourceTree = BUILT_PRODUCTS_DIR; };
		042C0D22207B36450013019A /* libMBProgressHUD.a */ = {isa = PBXFileReference; explicitFileType = archive.ar; path = libMBProgressHUD.a; sourceTree = BUILT_PRODUCTS_DIR; };
		042C0D23207B36450013019A /* libMZTimerLabel.a */ = {isa = PBXFileReference; explicitFileType = archive.ar; path = libMZTimerLabel.a; sourceTree = BUILT_PRODUCTS_DIR; };
		042C0D24207B36450013019A /* libPods-FASTSDK.a */ = {isa = PBXFileReference; explicitFileType = archive.ar; path = "libPods-FASTSDK.a"; sourceTree = BUILT_PRODUCTS_DIR; };
		042C0D25207B36450013019A /* libReachability.a */ = {isa = PBXFileReference; explicitFileType = archive.ar; path = libReachability.a; sourceTree = BUILT_PRODUCTS_DIR; };
		042C0D26207B36450013019A /* libRegexKitLite.a */ = {isa = PBXFileReference; explicitFileType = archive.ar; path = libRegexKitLite.a; sourceTree = BUILT_PRODUCTS_DIR; };
		042C0D27207B36450013019A /* libThemeManager.a */ = {isa = PBXFileReference; explicitFileType = archive.ar; path = libThemeManager.a; sourceTree = BUILT_PRODUCTS_DIR; };
		042C0D28207B36450013019A /* libYYKit.a */ = {isa = PBXFileReference; explicitFileType = archive.ar; path = libYYKit.a; sourceTree = BUILT_PRODUCTS_DIR; };
		04A448F22110409100E91A6B /* GSTextFieldTitleView.h */ = {isa = PBXFileReference; lastKnownFileType = sourcecode.c.h; path = GSTextFieldTitleView.h; sourceTree = "<group>"; };
		04A448F32110409100E91A6B /* GSTextFieldTitleView.m */ = {isa = PBXFileReference; lastKnownFileType = sourcecode.c.objc; path = GSTextFieldTitleView.m; sourceTree = "<group>"; };
		04A448F62110412800E91A6B /* UIView+SetRect.m */ = {isa = PBXFileReference; fileEncoding = 4; lastKnownFileType = sourcecode.c.objc; path = "UIView+SetRect.m"; sourceTree = "<group>"; };
		04A448F72110412800E91A6B /* UIView+SetRect.h */ = {isa = PBXFileReference; fileEncoding = 4; lastKnownFileType = sourcecode.c.h; path = "UIView+SetRect.h"; sourceTree = "<group>"; };
		04A448F9211042E900E91A6B /* GSFastConfigController.h */ = {isa = PBXFileReference; lastKnownFileType = sourcecode.c.h; path = GSFastConfigController.h; sourceTree = "<group>"; };
		04A448FA211042E900E91A6B /* GSFastConfigController.m */ = {isa = PBXFileReference; lastKnownFileType = sourcecode.c.objc; path = GSFastConfigController.m; sourceTree = "<group>"; };
		04A448FC211060FE00E91A6B /* GSFastPublishController.h */ = {isa = PBXFileReference; lastKnownFileType = sourcecode.c.h; path = GSFastPublishController.h; sourceTree = "<group>"; };
		04A448FD211060FE00E91A6B /* GSFastPublishController.m */ = {isa = PBXFileReference; lastKnownFileType = sourcecode.c.objc; path = GSFastPublishController.m; sourceTree = "<group>"; };
		04A44A53211088E900E91A6B /* GSFastBaseViewController.h */ = {isa = PBXFileReference; lastKnownFileType = sourcecode.c.h; path = GSFastBaseViewController.h; sourceTree = "<group>"; };
		04A44A54211088E900E91A6B /* GSFastBaseViewController.m */ = {isa = PBXFileReference; lastKnownFileType = sourcecode.c.objc; path = GSFastBaseViewController.m; sourceTree = "<group>"; };
		04A44A5621108AE800E91A6B /* GSFastNavigationController.h */ = {isa = PBXFileReference; lastKnownFileType = sourcecode.c.h; path = GSFastNavigationController.h; sourceTree = "<group>"; };
		04A44A5721108AE800E91A6B /* GSFastNavigationController.m */ = {isa = PBXFileReference; lastKnownFileType = sourcecode.c.objc; path = GSFastNavigationController.m; sourceTree = "<group>"; };
		04B2EED820EA403400CB6FB9 /* VodSDK.framework */ = {isa = PBXFileReference; explicitFileType = wrapper.framework; path = VodSDK.framework; sourceTree = BUILT_PRODUCTS_DIR; };
		04C62692202450F20083E8C2 /* FASTSDK.framework */ = {isa = PBXFileReference; explicitFileType = wrapper.framework; path = FASTSDK.framework; sourceTree = BUILT_PRODUCTS_DIR; };
		04C626A1202451520083E8C2 /* GPUImage.framework */ = {isa = PBXFileReference; explicitFileType = wrapper.framework; path = GPUImage.framework; sourceTree = BUILT_PRODUCTS_DIR; };
		04C626A2202451520083E8C2 /* GSCommonKit.framework */ = {isa = PBXFileReference; explicitFileType = wrapper.framework; path = GSCommonKit.framework; sourceTree = BUILT_PRODUCTS_DIR; };
		04C626A3202451520083E8C2 /* IQKeyboardManager.framework */ = {isa = PBXFileReference; explicitFileType = wrapper.framework; path = IQKeyboardManager.framework; sourceTree = BUILT_PRODUCTS_DIR; };
		04C626A4202451520083E8C2 /* JSONModel.framework */ = {isa = PBXFileReference; explicitFileType = wrapper.framework; path = JSONModel.framework; sourceTree = BUILT_PRODUCTS_DIR; };
		04C626A5202451520083E8C2 /* Masonry.framework */ = {isa = PBXFileReference; explicitFileType = wrapper.framework; path = Masonry.framework; sourceTree = BUILT_PRODUCTS_DIR; };
		04C626A6202451520083E8C2 /* MBProgressHUD.framework */ = {isa = PBXFileReference; explicitFileType = wrapper.framework; path = MBProgressHUD.framework; sourceTree = BUILT_PRODUCTS_DIR; };
		04C626A7202451520083E8C2 /* MZTimerLabel.framework */ = {isa = PBXFileReference; explicitFileType = wrapper.framework; path = MZTimerLabel.framework; sourceTree = BUILT_PRODUCTS_DIR; };
		04C626A8202451520083E8C2 /* PlayerSDK.framework */ = {isa = PBXFileReference; explicitFileType = wrapper.framework; path = PlayerSDK.framework; sourceTree = BUILT_PRODUCTS_DIR; };
		04C626A9202451520083E8C2 /* Reachability.framework */ = {isa = PBXFileReference; explicitFileType = wrapper.framework; path = Reachability.framework; sourceTree = BUILT_PRODUCTS_DIR; };
		04C626AA202451520083E8C2 /* RegexKitLite.framework */ = {isa = PBXFileReference; explicitFileType = wrapper.framework; path = RegexKitLite.framework; sourceTree = BUILT_PRODUCTS_DIR; };
		04C626AB202451520083E8C2 /* RtSDK.framework */ = {isa = PBXFileReference; explicitFileType = wrapper.framework; path = RtSDK.framework; sourceTree = BUILT_PRODUCTS_DIR; };
		04C626AC202451520083E8C2 /* SDWebImage.framework */ = {isa = PBXFileReference; explicitFileType = wrapper.framework; path = SDWebImage.framework; sourceTree = BUILT_PRODUCTS_DIR; };
		04C626AD202451520083E8C2 /* ThemeManager.framework */ = {isa = PBXFileReference; explicitFileType = wrapper.framework; path = ThemeManager.framework; sourceTree = BUILT_PRODUCTS_DIR; };
		04C626AE202451520083E8C2 /* YYKit.framework */ = {isa = PBXFileReference; explicitFileType = wrapper.framework; path = YYKit.framework; sourceTree = BUILT_PRODUCTS_DIR; };
		04E2FD1120EE440D00CF0F3C /* 打赏@2x.png */ = {isa = PBXFileReference; lastKnownFileType = image.png; path = "打赏@2x.png"; sourceTree = "<group>"; };
		04E2FD1420EF3F9200CF0F3C /* nav_status_wifi@2x.png */ = {isa = PBXFileReference; lastKnownFileType = image.png; path = "nav_status_wifi@2x.png"; sourceTree = "<group>"; };
		04FA315320F845A300782DE0 /* libswresample.a */ = {isa = PBXFileReference; lastKnownFileType = archive.ar; name = libswresample.a; path = ../../../../lib/ios/libswresample.a; sourceTree = "<group>"; };
		04FA315420F845A300782DE0 /* libswscale.a */ = {isa = PBXFileReference; lastKnownFileType = archive.ar; name = libswscale.a; path = ../../../../lib/ios/libswscale.a; sourceTree = "<group>"; };
		04FA315520F845A300782DE0 /* libavutil.a */ = {isa = PBXFileReference; lastKnownFileType = archive.ar; name = libavutil.a; path = ../../../../lib/ios/libavutil.a; sourceTree = "<group>"; };
		04FA315620F845A300782DE0 /* libavcodec.a */ = {isa = PBXFileReference; lastKnownFileType = archive.ar; name = libavcodec.a; path = ../../../../lib/ios/libavcodec.a; sourceTree = "<group>"; };
		04FA315720F845A300782DE0 /* libavformat.a */ = {isa = PBXFileReference; lastKnownFileType = archive.ar; name = libavformat.a; path = ../../../../lib/ios/libavformat.a; sourceTree = "<group>"; };
		04FA315D20F845B400782DE0 /* libx264.a */ = {isa = PBXFileReference; lastKnownFileType = archive.ar; name = libx264.a; path = ../../../../lib/ios/libx264.a; sourceTree = "<group>"; };
		04FA315E20F845B400782DE0 /* libPlayerSDKLib.a */ = {isa = PBXFileReference; lastKnownFileType = archive.ar; name = libPlayerSDKLib.a; path = ../../../../lib/ios/libPlayerSDKLib.a; sourceTree = "<group>"; };
		04FA316720F845BB00782DE0 /* liblibfaad.a */ = {isa = PBXFileReference; lastKnownFileType = archive.ar; name = liblibfaad.a; path = ../../../../lib/ios/offlineplay/liblibfaad.a; sourceTree = "<group>"; };
		0BF8386C30A87BAB00BA5A24 /* Pods-FastDemo.release.xcconfig */ = {isa = PBXFileReference; includeInIndex = 1; lastKnownFileType = text.xcconfig; name = "Pods-FastDemo.release.xcconfig"; path = "Pods/Target Support Files/Pods-FastDemo/Pods-FastDemo.release.xcconfig"; sourceTree = "<group>"; };
		170F79081E013FDA00D99A76 /* FastDemo.app */ = {isa = PBXFileReference; explicitFileType = wrapper.application; includeInIndex = 0; path = FastDemo.app; sourceTree = BUILT_PRODUCTS_DIR; };
		170F790C1E013FDA00D99A76 /* main.m */ = {isa = PBXFileReference; lastKnownFileType = sourcecode.c.objc; path = main.m; sourceTree = "<group>"; };
		170F790E1E013FDA00D99A76 /* AppDelegate.h */ = {isa = PBXFileReference; lastKnownFileType = sourcecode.c.h; path = AppDelegate.h; sourceTree = "<group>"; };
		170F790F1E013FDA00D99A76 /* AppDelegate.m */ = {isa = PBXFileReference; lastKnownFileType = sourcecode.c.objc; path = AppDelegate.m; sourceTree = "<group>"; };
		170F79151E013FDA00D99A76 /* Base */ = {isa = PBXFileReference; lastKnownFileType = file.storyboard; name = Base; path = Base.lproj/Main.storyboard; sourceTree = "<group>"; };
		170F79171E013FDA00D99A76 /* Assets.xcassets */ = {isa = PBXFileReference; lastKnownFileType = folder.assetcatalog; path = Assets.xcassets; sourceTree = "<group>"; };
		170F791A1E013FDA00D99A76 /* Base */ = {isa = PBXFileReference; lastKnownFileType = file.storyboard; name = Base; path = Base.lproj/LaunchScreen.storyboard; sourceTree = "<group>"; };
		170F791C1E013FDA00D99A76 /* Info.plist */ = {isa = PBXFileReference; lastKnownFileType = text.plist.xml; path = Info.plist; sourceTree = "<group>"; };
		170F792E1E01410600D99A76 /* libc++.tbd */ = {isa = PBXFileReference; lastKnownFileType = "sourcecode.text-based-dylib-definition"; name = "libc++.tbd"; path = "usr/lib/libc++.tbd"; sourceTree = SDKROOT; };
		170F79301E01411600D99A76 /* libz.tbd */ = {isa = PBXFileReference; lastKnownFileType = "sourcecode.text-based-dylib-definition"; name = libz.tbd; path = usr/lib/libz.tbd; sourceTree = SDKROOT; };
		170F79321E01411E00D99A76 /* libsqlite3.tbd */ = {isa = PBXFileReference; lastKnownFileType = "sourcecode.text-based-dylib-definition"; name = libsqlite3.tbd; path = usr/lib/libsqlite3.tbd; sourceTree = SDKROOT; };
		170F79341E01412300D99A76 /* libiconv.tbd */ = {isa = PBXFileReference; lastKnownFileType = "sourcecode.text-based-dylib-definition"; name = libiconv.tbd; path = usr/lib/libiconv.tbd; sourceTree = SDKROOT; };
		170F79361E01412A00D99A76 /* libicucore.tbd */ = {isa = PBXFileReference; lastKnownFileType = "sourcecode.text-based-dylib-definition"; name = libicucore.tbd; path = usr/lib/libicucore.tbd; sourceTree = SDKROOT; };
		170F79381E01413800D99A76 /* Security.framework */ = {isa = PBXFileReference; lastKnownFileType = wrapper.framework; name = Security.framework; path = System/Library/Frameworks/Security.framework; sourceTree = SDKROOT; };
		170F793A1E01414000D99A76 /* JavaScriptCore.framework */ = {isa = PBXFileReference; lastKnownFileType = wrapper.framework; name = JavaScriptCore.framework; path = System/Library/Frameworks/JavaScriptCore.framework; sourceTree = SDKROOT; };
		170F793C1E01414700D99A76 /* SystemConfiguration.framework */ = {isa = PBXFileReference; lastKnownFileType = wrapper.framework; name = SystemConfiguration.framework; path = System/Library/Frameworks/SystemConfiguration.framework; sourceTree = SDKROOT; };
		170F793E1E01415000D99A76 /* CoreTelephony.framework */ = {isa = PBXFileReference; lastKnownFileType = wrapper.framework; name = CoreTelephony.framework; path = System/Library/Frameworks/CoreTelephony.framework; sourceTree = SDKROOT; };
		170F79401E01415800D99A76 /* CoreFoundation.framework */ = {isa = PBXFileReference; lastKnownFileType = wrapper.framework; name = CoreFoundation.framework; path = System/Library/Frameworks/CoreFoundation.framework; sourceTree = SDKROOT; };
		170F79421E01415F00D99A76 /* QuartzCore.framework */ = {isa = PBXFileReference; lastKnownFileType = wrapper.framework; name = QuartzCore.framework; path = System/Library/Frameworks/QuartzCore.framework; sourceTree = SDKROOT; };
		170F79441E01416700D99A76 /* ImageIO.framework */ = {isa = PBXFileReference; lastKnownFileType = wrapper.framework; name = ImageIO.framework; path = System/Library/Frameworks/ImageIO.framework; sourceTree = SDKROOT; };
		170F79461E01416E00D99A76 /* GLKit.framework */ = {isa = PBXFileReference; lastKnownFileType = wrapper.framework; name = GLKit.framework; path = System/Library/Frameworks/GLKit.framework; sourceTree = SDKROOT; };
		170F79481E01417300D99A76 /* OpenGLES.framework */ = {isa = PBXFileReference; lastKnownFileType = wrapper.framework; name = OpenGLES.framework; path = System/Library/Frameworks/OpenGLES.framework; sourceTree = SDKROOT; };
		170F794A1E01417C00D99A76 /* UIKit.framework */ = {isa = PBXFileReference; lastKnownFileType = wrapper.framework; name = UIKit.framework; path = System/Library/Frameworks/UIKit.framework; sourceTree = SDKROOT; };
		170F794C1E01418700D99A76 /* CoreMedia.framework */ = {isa = PBXFileReference; lastKnownFileType = wrapper.framework; name = CoreMedia.framework; path = System/Library/Frameworks/CoreMedia.framework; sourceTree = SDKROOT; };
		170F794E1E01419600D99A76 /* AVFoundation.framework */ = {isa = PBXFileReference; lastKnownFileType = wrapper.framework; name = AVFoundation.framework; path = System/Library/Frameworks/AVFoundation.framework; sourceTree = SDKROOT; };
		170F79501E0141A000D99A76 /* AudioToolbox.framework */ = {isa = PBXFileReference; lastKnownFileType = wrapper.framework; name = AudioToolbox.framework; path = System/Library/Frameworks/AudioToolbox.framework; sourceTree = SDKROOT; };
		4E62B847D48F27E60E50703A /* libPods-FastDemo.a */ = {isa = PBXFileReference; explicitFileType = archive.ar; includeInIndex = 0; path = "libPods-FastDemo.a"; sourceTree = BUILT_PRODUCTS_DIR; };
		658897601E962D5B00ECD94E /* CoreMotion.framework */ = {isa = PBXFileReference; lastKnownFileType = wrapper.framework; name = CoreMotion.framework; path = System/Library/Frameworks/CoreMotion.framework; sourceTree = SDKROOT; };
		658897621E962D6300ECD94E /* CFNetwork.framework */ = {isa = PBXFileReference; lastKnownFileType = wrapper.framework; name = CFNetwork.framework; path = System/Library/Frameworks/CFNetwork.framework; sourceTree = SDKROOT; };
		658897641E962D8600ECD94E /* CoreText.framework */ = {isa = PBXFileReference; lastKnownFileType = wrapper.framework; name = CoreText.framework; path = System/Library/Frameworks/CoreText.framework; sourceTree = SDKROOT; };
		658897661E962D8E00ECD94E /* CoreGraphics.framework */ = {isa = PBXFileReference; lastKnownFileType = wrapper.framework; name = CoreGraphics.framework; path = System/Library/Frameworks/CoreGraphics.framework; sourceTree = SDKROOT; };
		65B0F6442191391700C040AF /* GSFastVodController.m */ = {isa = PBXFileReference; fileEncoding = 4; lastKnownFileType = sourcecode.c.objc; path = GSFastVodController.m; sourceTree = "<group>"; };
		65B0F6452191391700C040AF /* GSFastVodController.h */ = {isa = PBXFileReference; fileEncoding = 4; lastKnownFileType = sourcecode.c.h; path = GSFastVodController.h; sourceTree = "<group>"; };
		8B7E287E082F4D58D66534ED /* Pods-FastDemo.debug.xcconfig */ = {isa = PBXFileReference; includeInIndex = 1; lastKnownFileType = text.xcconfig; name = "Pods-FastDemo.debug.xcconfig"; path = "Pods/Target Support Files/Pods-FastDemo/Pods-FastDemo.debug.xcconfig"; sourceTree = "<group>"; };
		A8490F031E83A2AC005697E6 /* as_one.wav */ = {isa = PBXFileReference; lastKnownFileType = audio.wav; path = as_one.wav; sourceTree = "<group>"; };
		A8490F041E83A2AC005697E6 /* as_three.wav */ = {isa = PBXFileReference; lastKnownFileType = audio.wav; path = as_three.wav; sourceTree = "<group>"; };
		A8490F051E83A2AC005697E6 /* as_two.wav */ = {isa = PBXFileReference; lastKnownFileType = audio.wav; path = as_two.wav; sourceTree = "<group>"; };
		A895A0671E9735DF000F4B6D /* zh-Hans */ = {isa = PBXFileReference; lastKnownFileType = text.plist.strings; name = "zh-Hans"; path = "zh-Hans.lproj/Main.strings"; sourceTree = "<group>"; };
		A895A0681E9735E0000F4B6D /* zh-Hans */ = {isa = PBXFileReference; lastKnownFileType = text.plist.strings; name = "zh-Hans"; path = "zh-Hans.lproj/LaunchScreen.strings"; sourceTree = "<group>"; };
		A895A06E1E97362F000F4B6D /* zh-Hant */ = {isa = PBXFileReference; lastKnownFileType = text.plist.strings; name = "zh-Hant"; path = "zh-Hant.lproj/Main.strings"; sourceTree = "<group>"; };
		A895A06F1E97362F000F4B6D /* zh-Hant */ = {isa = PBXFileReference; lastKnownFileType = text.plist.strings; name = "zh-Hant"; path = "zh-Hant.lproj/LaunchScreen.strings"; sourceTree = "<group>"; };
		F337DDEE2182FF5F00613FF4 /* GSDocKit.framework */ = {isa = PBXFileReference; explicitFileType = wrapper.framework; path = GSDocKit.framework; sourceTree = BUILT_PRODUCTS_DIR; };
		F3405D3A22D70AB600E598BE /* GSRewardKit.framework */ = {isa = PBXFileReference; explicitFileType = wrapper.framework; path = GSRewardKit.framework; sourceTree = BUILT_PRODUCTS_DIR; };
/* End PBXFileReference section */

/* Begin PBXFrameworksBuildPhase section */
		170F79051E013FDA00D99A76 /* Frameworks */ = {
			isa = PBXFrameworksBuildPhase;
			buildActionMask = 2147483647;
			files = (
				C45ACCD2D6CE4E02AD8A0062 /* libPods-FastDemo.a in Frameworks */,
			);
			runOnlyForDeploymentPostprocessing = 0;
		};
/* End PBXFrameworksBuildPhase section */

/* Begin PBXGroup section */
		04A448EE2110402900E91A6B /* UI */ = {
			isa = PBXGroup;
			children = (
				04A448F52110412800E91A6B /* Tool */,
				04A448F22110409100E91A6B /* GSTextFieldTitleView.h */,
				04A448F32110409100E91A6B /* GSTextFieldTitleView.m */,
			);
			path = UI;
			sourceTree = "<group>";
		};
		04A448F52110412800E91A6B /* Tool */ = {
			isa = PBXGroup;
			children = (
				04A448F62110412800E91A6B /* UIView+SetRect.m */,
				04A448F72110412800E91A6B /* UIView+SetRect.h */,
			);
			path = Tool;
			sourceTree = "<group>";
		};
		04FA315120F8459300782DE0 /* Libs */ = {
			isa = PBXGroup;
			children = (
				04FA316720F845BB00782DE0 /* liblibfaad.a */,
				04FA315E20F845B400782DE0 /* libPlayerSDKLib.a */,
				04FA315D20F845B400782DE0 /* libx264.a */,
				04FA315220F8459800782DE0 /* ffmpeg */,
			);
			name = Libs;
			sourceTree = "<group>";
		};
		04FA315220F8459800782DE0 /* ffmpeg */ = {
			isa = PBXGroup;
			children = (
				04FA315620F845A300782DE0 /* libavcodec.a */,
				04FA315720F845A300782DE0 /* libavformat.a */,
				04FA315520F845A300782DE0 /* libavutil.a */,
				04FA315320F845A300782DE0 /* libswresample.a */,
				04FA315420F845A300782DE0 /* libswscale.a */,
			);
			name = ffmpeg;
			sourceTree = "<group>";
		};
		170F78FF1E013FDA00D99A76 = {
			isa = PBXGroup;
			children = (
				170F790A1E013FDA00D99A76 /* FastDemo */,
				170F79091E013FDA00D99A76 /* Products */,
				EBEF79856CD54708B0E6572A /* Frameworks */,
				57188A46E9CA3307383E473A /* Pods */,
			);
			sourceTree = "<group>";
		};
		170F79091E013FDA00D99A76 /* Products */ = {
			isa = PBXGroup;
			children = (
				170F79081E013FDA00D99A76 /* FastDemo.app */,
			);
			name = Products;
			sourceTree = "<group>";
		};
		170F790A1E013FDA00D99A76 /* FastDemo */ = {
			isa = PBXGroup;
			children = (
				04FA315120F8459300782DE0 /* Libs */,
				04A448EE2110402900E91A6B /* UI */,
				04E2FD1420EF3F9200CF0F3C /* nav_status_wifi@2x.png */,
				04E2FD1120EE440D00CF0F3C /* 打赏@2x.png */,
				170F790E1E013FDA00D99A76 /* AppDelegate.h */,
				170F790F1E013FDA00D99A76 /* AppDelegate.m */,
				04A44A5621108AE800E91A6B /* GSFastNavigationController.h */,
				04A44A5721108AE800E91A6B /* GSFastNavigationController.m */,
				04A44A53211088E900E91A6B /* GSFastBaseViewController.h */,
				04A44A54211088E900E91A6B /* GSFastBaseViewController.m */,
				04A448F9211042E900E91A6B /* GSFastConfigController.h */,
				04A448FA211042E900E91A6B /* GSFastConfigController.m */,
				04A448FC211060FE00E91A6B /* GSFastPublishController.h */,
				04A448FD211060FE00E91A6B /* GSFastPublishController.m */,
				65B0F6452191391700C040AF /* GSFastVodController.h */,
				65B0F6442191391700C040AF /* GSFastVodController.m */,
				170F79141E013FDA00D99A76 /* Main.storyboard */,
				170F79171E013FDA00D99A76 /* Assets.xcassets */,
				170F79191E013FDA00D99A76 /* LaunchScreen.storyboard */,
				170F791C1E013FDA00D99A76 /* Info.plist */,
				170F790B1E013FDA00D99A76 /* Supporting Files */,
			);
			path = FastDemo;
			sourceTree = "<group>";
		};
		170F790B1E013FDA00D99A76 /* Supporting Files */ = {
			isa = PBXGroup;
			children = (
				A8490F031E83A2AC005697E6 /* as_one.wav */,
				A8490F041E83A2AC005697E6 /* as_three.wav */,
				A8490F051E83A2AC005697E6 /* as_two.wav */,
				170F790C1E013FDA00D99A76 /* main.m */,
			);
			name = "Supporting Files";
			sourceTree = "<group>";
		};
		57188A46E9CA3307383E473A /* Pods */ = {
			isa = PBXGroup;
			children = (
				8B7E287E082F4D58D66534ED /* Pods-FastDemo.debug.xcconfig */,
				0BF8386C30A87BAB00BA5A24 /* Pods-FastDemo.release.xcconfig */,
			);
			name = Pods;
			sourceTree = "<group>";
		};
		EBEF79856CD54708B0E6572A /* Frameworks */ = {
			isa = PBXGroup;
			children = (
				F3405D3A22D70AB600E598BE /* GSRewardKit.framework */,
				F337DDEE2182FF5F00613FF4 /* GSDocKit.framework */,
				04B2EED820EA403400CB6FB9 /* VodSDK.framework */,
				042C0D1F207B36450013019A /* libGPUImage.a */,
				042C0D20207B36450013019A /* libIQKeyboardManager.a */,
				042C0D21207B36450013019A /* libMasonry.a */,
				042C0D22207B36450013019A /* libMBProgressHUD.a */,
				042C0D23207B36450013019A /* libMZTimerLabel.a */,
				042C0D24207B36450013019A /* libPods-FASTSDK.a */,
				042C0D25207B36450013019A /* libReachability.a */,
				042C0D26207B36450013019A /* libRegexKitLite.a */,
				042C0D27207B36450013019A /* libThemeManager.a */,
				042C0D28207B36450013019A /* libYYKit.a */,
				04C626A1202451520083E8C2 /* GPUImage.framework */,
				04C626A2202451520083E8C2 /* GSCommonKit.framework */,
				04C626A3202451520083E8C2 /* IQKeyboardManager.framework */,
				04C626A4202451520083E8C2 /* JSONModel.framework */,
				04C626A5202451520083E8C2 /* Masonry.framework */,
				04C626A6202451520083E8C2 /* MBProgressHUD.framework */,
				04C626A7202451520083E8C2 /* MZTimerLabel.framework */,
				04C626A8202451520083E8C2 /* PlayerSDK.framework */,
				04C626A9202451520083E8C2 /* Reachability.framework */,
				04C626AA202451520083E8C2 /* RegexKitLite.framework */,
				04C626AB202451520083E8C2 /* RtSDK.framework */,
				04C626AC202451520083E8C2 /* SDWebImage.framework */,
				04C626AD202451520083E8C2 /* ThemeManager.framework */,
				04C626AE202451520083E8C2 /* YYKit.framework */,
				04C62692202450F20083E8C2 /* FASTSDK.framework */,
				658897661E962D8E00ECD94E /* CoreGraphics.framework */,
				658897641E962D8600ECD94E /* CoreText.framework */,
				658897621E962D6300ECD94E /* CFNetwork.framework */,
				658897601E962D5B00ECD94E /* CoreMotion.framework */,
				170F79501E0141A000D99A76 /* AudioToolbox.framework */,
				170F794E1E01419600D99A76 /* AVFoundation.framework */,
				170F794C1E01418700D99A76 /* CoreMedia.framework */,
				170F794A1E01417C00D99A76 /* UIKit.framework */,
				170F79481E01417300D99A76 /* OpenGLES.framework */,
				170F79461E01416E00D99A76 /* GLKit.framework */,
				170F79441E01416700D99A76 /* ImageIO.framework */,
				170F79421E01415F00D99A76 /* QuartzCore.framework */,
				170F79401E01415800D99A76 /* CoreFoundation.framework */,
				170F793E1E01415000D99A76 /* CoreTelephony.framework */,
				170F793C1E01414700D99A76 /* SystemConfiguration.framework */,
				170F793A1E01414000D99A76 /* JavaScriptCore.framework */,
				170F79381E01413800D99A76 /* Security.framework */,
				170F79361E01412A00D99A76 /* libicucore.tbd */,
				170F79341E01412300D99A76 /* libiconv.tbd */,
				170F79321E01411E00D99A76 /* libsqlite3.tbd */,
				170F79301E01411600D99A76 /* libz.tbd */,
				170F792E1E01410600D99A76 /* libc++.tbd */,
				4E62B847D48F27E60E50703A /* libPods-FastDemo.a */,
			);
			name = Frameworks;
			sourceTree = "<group>";
		};
/* End PBXGroup section */

/* Begin PBXNativeTarget section */
		170F79071E013FDA00D99A76 /* FastDemo */ = {
			isa = PBXNativeTarget;
			buildConfigurationList = 170F791F1E013FDA00D99A76 /* Build configuration list for PBXNativeTarget "FastDemo" */;
			buildPhases = (
				F2DAB21FFECE9E72C85CB22D /* [CP] Check Pods Manifest.lock */,
				170F79041E013FDA00D99A76 /* Sources */,
				170F79051E013FDA00D99A76 /* Frameworks */,
				170F79061E013FDA00D99A76 /* Resources */,
				042964B31F8DF9F400200D57 /* ShellScript */,
				5D4B3BE7E2D23E159D95D3C7 /* [CP] Copy Pods Resources */,
			);
			buildRules = (
				A8BDA3151EA701F500E13BF7 /* PBXBuildRule */,
			);
			dependencies = (
			);
			name = FastDemo;
			productName = FastDemo;
			productReference = 170F79081E013FDA00D99A76 /* FastDemo.app */;
			productType = "com.apple.product-type.application";
		};
/* End PBXNativeTarget section */

/* Begin PBXProject section */
		170F79001E013FDA00D99A76 /* Project object */ = {
			isa = PBXProject;
			attributes = {
				LastUpgradeCheck = 1000;
				ORGANIZATIONNAME = 263;
				TargetAttributes = {
					170F79071E013FDA00D99A76 = {
						CreatedOnToolsVersion = 8.1;
						DevelopmentTeam = 6GHP23DFJR;
						ProvisioningStyle = Automatic;
						SystemCapabilities = {
							com.apple.BackgroundModes = {
								enabled = 1;
							};
						};
					};
				};
			};
			buildConfigurationList = 170F79031E013FDA00D99A76 /* Build configuration list for PBXProject "FastDemo" */;
			compatibilityVersion = "Xcode 3.2";
			developmentRegion = English;
			hasScannedForEncodings = 0;
			knownRegions = (
				en,
				Base,
				"zh-Hans",
				"zh-Hant",
			);
			mainGroup = 170F78FF1E013FDA00D99A76;
			productRefGroup = 170F79091E013FDA00D99A76 /* Products */;
			projectDirPath = "";
			projectRoot = "";
			targets = (
				170F79071E013FDA00D99A76 /* FastDemo */,
			);
		};
/* End PBXProject section */

/* Begin PBXResourcesBuildPhase section */
		170F79061E013FDA00D99A76 /* Resources */ = {
			isa = PBXResourcesBuildPhase;
			buildActionMask = 2147483647;
			files = (
				04E2FD1320EE440D00CF0F3C /* 打赏@2x.png in Resources */,
				04E2FD1520EF3F9200CF0F3C /* nav_status_wifi@2x.png in Resources */,
				170F791B1E013FDA00D99A76 /* LaunchScreen.storyboard in Resources */,
				A8490F061E83A2AC005697E6 /* as_one.wav in Resources */,
				A8490F071E83A2AC005697E6 /* as_three.wav in Resources */,
				A8490F081E83A2AC005697E6 /* as_two.wav in Resources */,
				170F79181E013FDA00D99A76 /* Assets.xcassets in Resources */,
				170F79161E013FDA00D99A76 /* Main.storyboard in Resources */,
			);
			runOnlyForDeploymentPostprocessing = 0;
		};
/* End PBXResourcesBuildPhase section */

/* Begin PBXShellScriptBuildPhase section */
		042964B31F8DF9F400200D57 /* ShellScript */ = {
			isa = PBXShellScriptBuildPhase;
			buildActionMask = 2147483647;
			files = (
			);
			inputPaths = (
			);
			outputPaths = (
			);
			runOnlyForDeploymentPostprocessing = 0;
			shellPath = /bin/sh;
			shellScript = "#!/bin/sh\n#\n# Copyright 2016 Bugly, Tencent. All rights reserved.\n#\n# V1.4.0\n#\n# 2016.08.03\n#\n#\n#\n######################################################\n# 1. 脚本集成到Xcode工程的Target\n######################################################\n#\n# --- Copy the SCRIPT to the Run Script of Build Phases in the Xcode project ---\n#\n# #\nBUGLY_APP_ID=\"0228eb27f6\"\n# #\nBUGLY_APP_KEY=\"f166498b-f438-429c-80a0-9a48189b7f35\"\n# #\nBUNDLE_IDENTIFIER=\"com.gensee.FastDemo\"\n# #\nUPLOAD_DSYM_ONLY=1\n#\n# # 脚本默认配置的版本格式为CFBundleShortVersionString(CFBundleVersion),  如果你修改默认的版本格式, 请设置此变量, 如果不想修改, 请忽略此设置\n# CUSTOMIZED_APP_VERSION=\"\"\n#\n# # Debug模式编译是否上传，1＝上传 0＝不上传，默认不上传\n# UPLOAD_DEBUG_SYMBOLS=0\n#\n# # 模拟器编译是否上传，1=上传 0=不上传，默认不上传\nUPLOAD_SIMULATOR_SYMBOLS=0\n#\n# #只有Archive操作时上传, 1=支持Archive上传 0=所有Release模式编译都上传\nUPLOAD_ARCHIVE_ONLY=1\n#\n# #\n# source dSYMUpload.sh\n#\n# --- END OF SCRIPT ---\n#\n#\n#\n#\n#######################################################\n# 2. 脚本根据输入参数处理\n#######################################################\n#\n# #命令行下输入应用基本信息, .dSYM文件的父目录路径, 输出文件目录即可\n#\n# sh dSYMUpload.sh <bugly_app_id> <bugly_app_key> <app_bundle_identifier> <app_version> <dSYM_src_dir> <bSYMBOL_dest_dir>\n#\n# #\n#\n# #注意:\n# # 1. dSYMUpload.sh会调用buglySymboliOS.jar进行.dSYM解析，所以依赖Java运行时环境\n# # 2. dSYMUpload.sh和buglySymboliOS.jar的文件路径需一致\n#\n#\n\n#\n# --- CONTENT OF SCRIPT ---\n#\n\n# Bugly服务域名\nBUGLY_DSYM_UPLOAD_DOMAIN=\"api.bugly.qq.com\"\n\n# 注意jar工具的路径跟dSYMUpload.sh脚本路径一致, 请务必保证jar路径的正确性\nBUGLY_SYMBOL_JAR_PATH=\"dsymtool/buglySymboliOS.jar\"\n# 查找添加到系统目录的jar工具\nif [ ! -f \"${BUGLY_SYMBOL_JAR_PATH}\" ]; then\nBUGLY_SYMBOL_JAR_PATH=\"$HOME/bin/buglySymboliOS.jar\"\nfi\n\n# 打印错误信息\nfunction exitWithMessage(){\n    echo \"--------------------------------\"\n    echo \"${1}\"\n    echo \"--------------------------------\"\n    exit ${2}\n}\n\n# 上传bSYMBOL文件\nfunction dSYMUpload() {\n    P_APP_ID=\"$1\"\n    P_APP_KEY=\"$2\"\n    P_APP_BUNDLE_ID=\"$3\"\n    P_APP_VERSION=\"$4\"\n    P_BSYMBOL_ZIP_FILE=\"$5\"\n    \n    #\n    P_BSYMBOL_ZIP_FILE_NAME=${P_BSYMBOL_ZIP_FILE##*/}\n        P_BSYMBOL_ZIP_FILE_NAME=${P_BSYMBOL_ZIP_FILE_NAME//&/_}\n            P_BSYMBOL_ZIP_FILE_NAME=\"${P_BSYMBOL_ZIP_FILE_NAME// /_}\"\n            \n            DSYM_UPLOAD_URL=\"https://${BUGLY_DSYM_UPLOAD_DOMAIN}/openapi/file/upload/symbol?app_id=${P_APP_ID}&app_key=${P_APP_KEY}\"\n            echo \"dSYM upload url: ${DSYM_UPLOAD_URL}\"\n            \n            echo \"-----------------------------\"\n            STATUS=$(/usr/bin/curl -k \"${DSYM_UPLOAD_URL}\" --form \"api_version=1\" --form \"app_id=${P_APP_ID}\" --form \"app_key=${P_APP_KEY}\" --form \"symbolType=2\"  --form \"bundleId=${BUNDLE_IDENTIFIER}\" --form \"productVersion=${BUGLY_APP_VERSION}\" --form \"fileName=${P_BSYMBOL_ZIP_FILE_NAME}\" --form \"file=@${P_BSYMBOL_ZIP_FILE}\" --verbose)\n            echo \"-----------------------------\"\n            \n            UPLOAD_RESULT=\"FAILTURE\"\n            echo \"Bugly server response: ${STATUS}\"\n            if [ ! \"${STATUS}\" ]; then\n            echo \"Error: Failed to upload the zip archive file.\"\n            elif [[ \"${STATUS}\" == *\"{\\\"reponseCode\\\":\\\"0\\\"}\"* ]]; then\n            echo \"Success to upload the dSYM for the app [${BUNDLE_IDENTIFIER} ${BUGLY_APP_VERSION}]\"\n            UPLOAD_RESULT=\"SUCCESS\"\n            else\n            echo \"Error: Failed to upload the zip archive file to Bugly.\"\n            fi\n            \n            #Remove temp dSYM archive\n            #echo \"Remove temporary zip archive: ${DSYM_ZIP_FPATH}\"\n            #/bin/rm -f \"${DSYM_ZIP_FPATH}\"\n            \n            if [ \"$?\" -ne 0 ]; then\n            exitWithMessage \"Error: Failed to remove temporary zip archive.\" 0\n            fi\n            \n            echo \"--------------------------------\"\n            echo \"${UPLOAD_RESULT} - dSYM upload complete.\"\n            \n            if [[ \"${UPLOAD_RESULT}\" == \"FAILTURE\" ]]; then\n            echo \"--------------------------------\"\n            echo \"Failed to upload the dSYM\"\n            echo \"Please check the script and try it again.\"\n            fi\n        }\n        \n        # .dSYM解析为bSYMBOL文件\n        function dSYMParse() {\n            DSYM_FILE=\"$1\"\n            DSYM_SYMBOL_FILE=\"$2\"\n            \n            echo \"--------------------------------\"\n            echo \"Extract symbol info from .dSYM file. to ${DSYM_SYMBOL_FILE}\"\n            (/usr/bin/java -Xms512m -Xmx1024m -Dfile.encoding=UTF8 -jar \"${BUGLY_SYMBOL_JAR_PATH}\" -i \"${DSYM_FILE}\" -o \"${DSYM_SYMBOL_FILE}\" ) || exitWithMessage \"Error: Failed to extract symbols.\" 1\n            echo \"--------------------------------\"\n            \n        }\n        \n        # 执行\n        function run() {\n            \n            CONFIG_BUGLY_APP_ID=\"$1\"\n            CONFIG_BUGLY_APP_KEY=\"$2\"\n            \n            CONFIG_BUGLY_APP_BUNDLE_IDENTIFIER=\"$3\"\n            CONFIG_BUGLY_APP_VERSION=\"$4\"\n            CONFIG_DSYM_SOURCE_DIR=\"$5\"\n            CONFIG_DSYM_DEST_DIR=\"$6\"\n            CONFIG_UPLOAD_DSYM_ONLY=\"$7\"\n            \n            # 检查必须参数是否设置\n            if [ ! \"${CONFIG_BUGLY_APP_ID}\" ]; then\n            exitWithMessage \"Error: Bugly App ID not defined. Please set 'BUGLY_APP_ID' \" 0\n            fi\n            \n            if [[ \"${CONFIG_BUGLY_APP_ID}\" == *\"App ID\"* ]]; then\n            exitWithMessage \"Error: Bugly App ID not defined.\" 0\n            fi\n            \n            if [ ! \"${CONFIG_BUGLY_APP_KEY}\" ]; then\n            exitWithMessage \"Error: Bugly App Key not defined.\" 0\n            fi\n            \n            if [ ! \"${CONFIG_BUGLY_APP_BUNDLE_IDENTIFIER}\" ]; then\n            exitWithMessage \"Error: Bundle Identifier not defined.\" 0\n            fi\n            \n            if [ ! \"${CONFIG_BUGLY_APP_VERSION}\" ]; then\n            exitWithMessage \"Error: App Version not defined.\" 0\n            fi\n            \n            if [ ! -e \"${CONFIG_DSYM_SOURCE_DIR}\" ]; then\n            exitWithMessage \"Error: Invalid dir ${CONFIG_DSYM_SOURCE_DIR}\" 0\n            fi\n            \n            if [ ! \"${CONFIG_DSYM_DEST_DIR}\" ]; then\n            exitWithMessage \"Error: Invalid dir ${CONFIG_DSYM_DEST_DIR}\" 0\n            fi\n            \n            if [ ! -e \"${CONFIG_DSYM_DEST_DIR}\" ]; then\n            mkdir ${CONFIG_DSYM_DEST_DIR}\n            fi\n            \n            DSYM_FOLDER=\"${CONFIG_DSYM_SOURCE_DIR}\"\n            IFS=$'\\n'\n            \n            echo \"Scaning dSYM FOLDER: ${DSYM_FOLDER} ...\"\n            RET=\"F\"\n            \n            #\n            for dsymFile in $(find \"$DSYM_FOLDER\" -name '*.dSYM'); do\n            RET=\"T\"\n            echo \"Found dSYM file: $dsymFile\"\n            \n            DSYM_FILE_NAME=${dsymFile##*/}\n                DSYM_SYMBOL_ZIP_FILE_NAME=\"${DSYM_FILE_NAME}.zip\"\n                DSYM_SYMBOL_ZIP_FILE_NAME=\"${DSYM_SYMBOL_ZIP_FILE_NAME// /_}\"\n                DSYM_SYMBOL_ZIP_FILE=${CONFIG_DSYM_DEST_DIR}/${DSYM_SYMBOL_ZIP_FILE_NAME}\n                \n                if [ $CONFIG_UPLOAD_DSYM_ONLY -eq 1 ]; then\n                if [ -e $DSYM_SYMBOL_ZIP_FILE ]; then\n                rm -f $DSYM_SYMBOL_ZIP_FILE\n                fi\n                # 如果只上传dSYM，直接压缩dSYM目录\n                zip -r -j $DSYM_SYMBOL_ZIP_FILE $dsymFile -x *.plist\n                else\n                # 使用符号表工具来生成Symbol文件\n                dSYMParse $dsymFile $DSYM_SYMBOL_ZIP_FILE\n                fi\n                \n                # 上传\n                dSYMUpload $CONFIG_BUGLY_APP_ID $CONFIG_BUGLY_APP_KEY $CONFIG_BUGLY_APP_BUNDLE_IDENTIFIER $CONFIG_BUGLY_APP_VERSION $DSYM_SYMBOL_ZIP_FILE\n                done\n                \n                if [ $RET = \"F\" ]; then\n                exitWithMessage \"No .dSYM found in ${DSYM_FOLDER}\" 0\n                fi\n            }\n            \n            # 在Xcode工程中执行\n            function runInXcode(){\n                echo \"Uploading dSYM to Bugly in Xcode ...\"\n                \n                echo \"Info.Plist : ${INFOPLIST_FILE}\"\n                \n                BUNDLE_VERSION=$(/usr/libexec/PlistBuddy -c 'Print CFBundleVersion' \"${INFOPLIST_FILE}\")\n                BUNDLE_SHORT_VERSION=$(/usr/libexec/PlistBuddy -c 'Print CFBundleShortVersionString' \"${INFOPLIST_FILE}\")\n                \n                # 组装Bugly默认识别的版本信息(格式为CFBundleShortVersionString(CFBundleVersion), 例如: 1.0(1))\n                if [ ! \"${CUSTOMIZED_APP_VERSION}\" ]; then\n                BUGLY_APP_VERSION=\"${BUNDLE_SHORT_VERSION}(${BUNDLE_VERSION})\"\n                else\n                BUGLY_APP_VERSION=\"${CUSTOMIZED_APP_VERSION}\"\n                fi\n                \n                echo \"--------------------------------\"\n                echo \"Prepare application information.\"\n                echo \"--------------------------------\"\n                \n                echo \"Product Name: ${PRODUCT_NAME}\"\n                echo \"Bundle Identifier: ${BUNDLE_IDENTIFIER}\"\n                echo \"Version: ${BUNDLE_SHORT_VERSION}\"\n                echo \"Build: ${BUNDLE_VERSION}\"\n                \n                echo \"Bugly App ID: ${BUGLY_APP_ID}\"\n                echo \"Bugly App key: ${BUGLY_APP_KEY}\"\n                echo \"Bugly App Version: ${BUGLY_APP_VERSION}\"\n                \n                echo \"--------------------------------\"\n                echo \"Check the arguments ...\"\n                \n                ##检查模拟器编译是否允许上传符号\n                if [ \"$EFFECTIVE_PLATFORM_NAME\" == \"-iphonesimulator\" ]; then\n                if [ $UPLOAD_SIMULATOR_SYMBOLS -eq 0 ]; then\n                exitWithMessage \"Warning: Build for simulator and skipping to upload. \\nYou can modify 'UPLOAD_SIMULATOR_SYMBOLS' to 1 in the script.\" 0\n                fi\n                fi\n                \n                ##检查是否是Release模式编译\n                if [ \"${CONFIGURATION=}\" == \"Debug\" ]; then\n                if [ $UPLOAD_DEBUG_SYMBOLS -eq 0 ]; then\n                exitWithMessage \"Warning: Build for debug mode and skipping to upload. \\nYou can modify 'UPLOAD_DEBUG_SYMBOLS' to 1 in the script.\" 0\n                fi\n                fi\n                \n                ##检查是否Archive操作\n                if [ $UPLOAD_ARCHIVE_ONLY -eq 1 ]; then\n                if [[ \"$TARGET_BUILD_DIR\" == *\"/Archive\"* ]]; then\n                echo \"Archive the package\"\n                else\n                exitWithMessage \"Warning: Build for NOT Archive mode and skipping to upload. \\nYou can modify 'UPLOAD_ARCHIVE_ONLY' to 0 in the script.\" 0\n                fi\n                fi\n                \n                #\n                run ${BUGLY_APP_ID} ${BUGLY_APP_KEY} ${BUNDLE_IDENTIFIER} ${BUGLY_APP_VERSION} ${DWARF_DSYM_FOLDER_PATH} ${BUILD_DIR}/BuglySymbolTemp ${UPLOAD_DSYM_ONLY}\n            }\n            \n            # 根据Xcode的环境变量判断是否处于Xcode环境\n            INFO_PLIST_FILE=\"${INFOPLIST_FILE}\"\n            \n            BuildInXcode=\"F\"\n            if [ -f \"${INFO_PLIST_FILE}\" ]; then\n            BuildInXcode=\"T\"\n            fi\n            \n            if [ $BuildInXcode = \"T\" ]; then\n            runInXcode\n            else\n            echo \"\\nUsage: dSYMUpload.sh <bugly_app_id> <bugly_app_key> <app_bundle_identifier> <app_version> <dSYM_src_dir> <bSYMBOL_dest_dir> [upload_dsym_only]\\n\"\n            # 你可以在此处直接设置BuglyAppID和BuglyAppKey，排除不常变参数的输入\n            BUGLY_APP_ID=\"$1\"\n            BUGLY_APP_KEY=\"$2\"\n            BUNDLE_IDENTIFIER=\"$3\"\n            BUGLY_APP_VERSION=\"$4\"\n            DWARF_DSYM_FOLDER_PATH=\"$5\"\n            SYMBOL_OUTPUT_PATH=\"$6\"\n            UPLOAD_DSYM_ONLY=$7\n            run ${BUGLY_APP_ID} ${BUGLY_APP_KEY} ${BUNDLE_IDENTIFIER} ${BUGLY_APP_VERSION} ${DWARF_DSYM_FOLDER_PATH} ${SYMBOL_OUTPUT_PATH} ${UPLOAD_DSYM_ONLY}\n            fi\n";
		};
		5D4B3BE7E2D23E159D95D3C7 /* [CP] Copy Pods Resources */ = {
			isa = PBXShellScriptBuildPhase;
			buildActionMask = 2147483647;
			files = (
			);
			inputPaths = (
				"${PODS_ROOT}/Target Support Files/Pods-FastDemo/Pods-FastDemo-resources.sh",
				"${PODS_ROOT}/FASTSDK/Resources/FastSDK.bundle",
				"${PODS_ROOT}/MJRefresh/MJRefresh/MJRefresh.bundle",
				"${PODS_ROOT}/PlayerSDK/Resources/PlayerSDK.bundle",
				"${PODS_ROOT}/RtSDK/Resources/RtSDK.bundle",
			);
			name = "[CP] Copy Pods Resources";
			outputPaths = (
				"${TARGET_BUILD_DIR}/${UNLOCALIZED_RESOURCES_FOLDER_PATH}/FastSDK.bundle",
				"${TARGET_BUILD_DIR}/${UNLOCALIZED_RESOURCES_FOLDER_PATH}/MJRefresh.bundle",
				"${TARGET_BUILD_DIR}/${UNLOCALIZED_RESOURCES_FOLDER_PATH}/PlayerSDK.bundle",
				"${TARGET_BUILD_DIR}/${UNLOCALIZED_RESOURCES_FOLDER_PATH}/RtSDK.bundle",
			);
			runOnlyForDeploymentPostprocessing = 0;
			shellPath = /bin/sh;
			shellScript = "\"${PODS_ROOT}/Target Support Files/Pods-FastDemo/Pods-FastDemo-resources.sh\"\n";
			showEnvVarsInLog = 0;
		};
		F2DAB21FFECE9E72C85CB22D /* [CP] Check Pods Manifest.lock */ = {
			isa = PBXShellScriptBuildPhase;
			buildActionMask = 2147483647;
			files = (
			);
			inputPaths = (
				"${PODS_PODFILE_DIR_PATH}/Podfile.lock",
				"${PODS_ROOT}/Manifest.lock",
			);
			name = "[CP] Check Pods Manifest.lock";
			outputPaths = (
				"$(DERIVED_FILE_DIR)/Pods-FastDemo-checkManifestLockResult.txt",
			);
			runOnlyForDeploymentPostprocessing = 0;
			shellPath = /bin/sh;
			shellScript = "diff \"${PODS_PODFILE_DIR_PATH}/Podfile.lock\" \"${PODS_ROOT}/Manifest.lock\" > /dev/null\nif [ $? != 0 ] ; then\n    # print error to STDERR\n    echo \"error: The sandbox is not in sync with the Podfile.lock. Run 'pod install' or update your CocoaPods installation.\" >&2\n    exit 1\nfi\n# This output is used by Xcode 'outputs' to avoid re-running this script phase.\necho \"SUCCESS\" > \"${SCRIPT_OUTPUT_FILE_0}\"\n";
			showEnvVarsInLog = 0;
		};
/* End PBXShellScriptBuildPhase section */

/* Begin PBXSourcesBuildPhase section */
		170F79041E013FDA00D99A76 /* Sources */ = {
			isa = PBXSourcesBuildPhase;
			buildActionMask = 2147483647;
			files = (
				04A448F82110412800E91A6B /* UIView+SetRect.m in Sources */,
				04A448F42110409100E91A6B /* GSTextFieldTitleView.m in Sources */,
				170F79101E013FDA00D99A76 /* AppDelegate.m in Sources */,
				04A44A5821108AE800E91A6B /* GSFastNavigationController.m in Sources */,
				04A448FE211060FE00E91A6B /* GSFastPublishController.m in Sources */,
				04A44A55211088E900E91A6B /* GSFastBaseViewController.m in Sources */,
				8E1B71D621B920E1008C9FCD /* GSFastVodController.m in Sources */,
				04A448FB211042E900E91A6B /* GSFastConfigController.m in Sources */,
				170F790D1E013FDA00D99A76 /* main.m in Sources */,
			);
			runOnlyForDeploymentPostprocessing = 0;
		};
/* End PBXSourcesBuildPhase section */

/* Begin PBXVariantGroup section */
		170F79141E013FDA00D99A76 /* Main.storyboard */ = {
			isa = PBXVariantGroup;
			children = (
				170F79151E013FDA00D99A76 /* Base */,
				A895A0671E9735DF000F4B6D /* zh-Hans */,
				A895A06E1E97362F000F4B6D /* zh-Hant */,
			);
			name = Main.storyboard;
			sourceTree = "<group>";
		};
		170F79191E013FDA00D99A76 /* LaunchScreen.storyboard */ = {
			isa = PBXVariantGroup;
			children = (
				170F791A1E013FDA00D99A76 /* Base */,
				A895A0681E9735E0000F4B6D /* zh-Hans */,
				A895A06F1E97362F000F4B6D /* zh-Hant */,
			);
			name = LaunchScreen.storyboard;
			sourceTree = "<group>";
		};
/* End PBXVariantGroup section */

/* Begin XCBuildConfiguration section */
		170F791D1E013FDA00D99A76 /* Debug */ = {
			isa = XCBuildConfiguration;
			buildSettings = {
				ALWAYS_SEARCH_USER_PATHS = NO;
				CLANG_ANALYZER_LOCALIZABILITY_NONLOCALIZED = YES;
				CLANG_ANALYZER_NONNULL = YES;
				CLANG_CXX_LANGUAGE_STANDARD = "gnu++0x";
				CLANG_CXX_LIBRARY = "libc++";
				CLANG_ENABLE_MODULES = YES;
				CLANG_ENABLE_OBJC_ARC = YES;
				CLANG_WARN_BLOCK_CAPTURE_AUTORELEASING = YES;
				CLANG_WARN_BOOL_CONVERSION = YES;
				CLANG_WARN_COMMA = YES;
				CLANG_WARN_CONSTANT_CONVERSION = YES;
				CLANG_WARN_DEPRECATED_OBJC_IMPLEMENTATIONS = YES;
				CLANG_WARN_DIRECT_OBJC_ISA_USAGE = YES_ERROR;
				CLANG_WARN_DOCUMENTATION_COMMENTS = YES;
				CLANG_WARN_EMPTY_BODY = YES;
				CLANG_WARN_ENUM_CONVERSION = YES;
				CLANG_WARN_INFINITE_RECURSION = YES;
				CLANG_WARN_INT_CONVERSION = YES;
				CLANG_WARN_NON_LITERAL_NULL_CONVERSION = YES;
				CLANG_WARN_OBJC_IMPLICIT_RETAIN_SELF = YES;
				CLANG_WARN_OBJC_LITERAL_CONVERSION = YES;
				CLANG_WARN_OBJC_ROOT_CLASS = YES_ERROR;
				CLANG_WARN_RANGE_LOOP_ANALYSIS = YES;
				CLANG_WARN_STRICT_PROTOTYPES = YES;
				CLANG_WARN_SUSPICIOUS_MOVE = YES;
				CLANG_WARN_SUSPICIOUS_MOVES = YES;
				CLANG_WARN_UNREACHABLE_CODE = YES;
				CLANG_WARN__DUPLICATE_METHOD_MATCH = YES;
				"CODE_SIGN_IDENTITY[sdk=iphoneos*]" = "iPhone Developer";
				COPY_PHASE_STRIP = NO;
				DEBUG_INFORMATION_FORMAT = dwarf;
				ENABLE_STRICT_OBJC_MSGSEND = YES;
				ENABLE_TESTABILITY = YES;
				GCC_C_LANGUAGE_STANDARD = gnu99;
				GCC_DYNAMIC_NO_PIC = NO;
				GCC_NO_COMMON_BLOCKS = YES;
				GCC_OPTIMIZATION_LEVEL = 0;
				GCC_PREPROCESSOR_DEFINITIONS = (
					"DEBUG=1",
					"$(inherited)",
				);
				GCC_WARN_64_TO_32_BIT_CONVERSION = YES;
				GCC_WARN_ABOUT_RETURN_TYPE = YES_ERROR;
				GCC_WARN_UNDECLARED_SELECTOR = YES;
				GCC_WARN_UNINITIALIZED_AUTOS = YES_AGGRESSIVE;
				GCC_WARN_UNUSED_FUNCTION = YES;
				GCC_WARN_UNUSED_VARIABLE = YES;
				IPHONEOS_DEPLOYMENT_TARGET = 10.1;
				MTL_ENABLE_DEBUG_INFO = YES;
				ONLY_ACTIVE_ARCH = YES;
				OTHER_LDFLAGS = "-ObjC";
				SDKROOT = iphoneos;
				STRIP_SWIFT_SYMBOLS = YES;
			};
			name = Debug;
		};
		170F791E1E013FDA00D99A76 /* Release */ = {
			isa = XCBuildConfiguration;
			buildSettings = {
				ALWAYS_SEARCH_USER_PATHS = NO;
				CLANG_ANALYZER_LOCALIZABILITY_NONLOCALIZED = YES;
				CLANG_ANALYZER_NONNULL = YES;
				CLANG_CXX_LANGUAGE_STANDARD = "gnu++0x";
				CLANG_CXX_LIBRARY = "libc++";
				CLANG_ENABLE_MODULES = YES;
				CLANG_ENABLE_OBJC_ARC = YES;
				CLANG_WARN_BLOCK_CAPTURE_AUTORELEASING = YES;
				CLANG_WARN_BOOL_CONVERSION = YES;
				CLANG_WARN_COMMA = YES;
				CLANG_WARN_CONSTANT_CONVERSION = YES;
				CLANG_WARN_DEPRECATED_OBJC_IMPLEMENTATIONS = YES;
				CLANG_WARN_DIRECT_OBJC_ISA_USAGE = YES_ERROR;
				CLANG_WARN_DOCUMENTATION_COMMENTS = YES;
				CLANG_WARN_EMPTY_BODY = YES;
				CLANG_WARN_ENUM_CONVERSION = YES;
				CLANG_WARN_INFINITE_RECURSION = YES;
				CLANG_WARN_INT_CONVERSION = YES;
				CLANG_WARN_NON_LITERAL_NULL_CONVERSION = YES;
				CLANG_WARN_OBJC_IMPLICIT_RETAIN_SELF = YES;
				CLANG_WARN_OBJC_LITERAL_CONVERSION = YES;
				CLANG_WARN_OBJC_ROOT_CLASS = YES_ERROR;
				CLANG_WARN_RANGE_LOOP_ANALYSIS = YES;
				CLANG_WARN_STRICT_PROTOTYPES = YES;
				CLANG_WARN_SUSPICIOUS_MOVE = YES;
				CLANG_WARN_SUSPICIOUS_MOVES = YES;
				CLANG_WARN_UNREACHABLE_CODE = YES;
				CLANG_WARN__DUPLICATE_METHOD_MATCH = YES;
				"CODE_SIGN_IDENTITY[sdk=iphoneos*]" = "iPhone Developer";
				COPY_PHASE_STRIP = NO;
				DEBUG_INFORMATION_FORMAT = "dwarf-with-dsym";
				ENABLE_NS_ASSERTIONS = NO;
				ENABLE_STRICT_OBJC_MSGSEND = YES;
				GCC_C_LANGUAGE_STANDARD = gnu99;
				GCC_NO_COMMON_BLOCKS = YES;
				GCC_WARN_64_TO_32_BIT_CONVERSION = YES;
				GCC_WARN_ABOUT_RETURN_TYPE = YES_ERROR;
				GCC_WARN_UNDECLARED_SELECTOR = YES;
				GCC_WARN_UNINITIALIZED_AUTOS = YES_AGGRESSIVE;
				GCC_WARN_UNUSED_FUNCTION = YES;
				GCC_WARN_UNUSED_VARIABLE = YES;
				IPHONEOS_DEPLOYMENT_TARGET = 10.1;
				MTL_ENABLE_DEBUG_INFO = NO;
				OTHER_LDFLAGS = "-ObjC";
				SDKROOT = iphoneos;
				STRIP_SWIFT_SYMBOLS = YES;
				VALIDATE_PRODUCT = YES;
			};
			name = Release;
		};
		170F79201E013FDA00D99A76 /* Debug */ = {
			isa = XCBuildConfiguration;
			baseConfigurationReference = 8B7E287E082F4D58D66534ED /* Pods-FastDemo.debug.xcconfig */;
			buildSettings = {
				ASSETCATALOG_COMPILER_APPICON_NAME = AppIcon;
				CODE_SIGN_IDENTITY = "iPhone Developer";
				"CODE_SIGN_IDENTITY[sdk=iphoneos*]" = "iPhone Developer";
				CODE_SIGN_STYLE = Automatic;
				DEBUG_INFORMATION_FORMAT = "dwarf-with-dsym";
				DEVELOPMENT_TEAM = 6GHP23DFJR;
				ENABLE_BITCODE = NO;
				FRAMEWORK_SEARCH_PATHS = "$(inherited)";
				INFOPLIST_FILE = FastDemo/Info.plist;
				IPHONEOS_DEPLOYMENT_TARGET = 8.0;
				LD_RUNPATH_SEARCH_PATHS = "$(inherited) @executable_path/Frameworks";
				LIBRARY_SEARCH_PATHS = "$(inherited)";
				OTHER_LDFLAGS = "$(inherited)";
				PRODUCT_BUNDLE_IDENTIFIER = com.gensee.FastDemo;
				PRODUCT_NAME = "$(TARGET_NAME)";
				PROVISIONING_PROFILE_SPECIFIER = "";
				REEXPORTED_LIBRARY_PATHS = "";
				TARGETED_DEVICE_FAMILY = 1;
			};
			name = Debug;
		};
		170F79211E013FDA00D99A76 /* Release */ = {
			isa = XCBuildConfiguration;
			baseConfigurationReference = 0BF8386C30A87BAB00BA5A24 /* Pods-FastDemo.release.xcconfig */;
			buildSettings = {
				ASSETCATALOG_COMPILER_APPICON_NAME = AppIcon;
				CODE_SIGN_IDENTITY = "iPhone Developer";
				"CODE_SIGN_IDENTITY[sdk=iphoneos*]" = "iPhone Developer";
				CODE_SIGN_STYLE = Automatic;
				DEVELOPMENT_TEAM = 6GHP23DFJR;
				ENABLE_BITCODE = NO;
				FRAMEWORK_SEARCH_PATHS = "$(inherited)";
				INFOPLIST_FILE = FastDemo/Info.plist;
				IPHONEOS_DEPLOYMENT_TARGET = 8.0;
				LD_RUNPATH_SEARCH_PATHS = "$(inherited) @executable_path/Frameworks";
				LIBRARY_SEARCH_PATHS = "$(inherited)";
				OTHER_LDFLAGS = "$(inherited)";
				PRODUCT_BUNDLE_IDENTIFIER = com.gensee.FastDemo;
				PRODUCT_NAME = "$(TARGET_NAME)";
				PROVISIONING_PROFILE_SPECIFIER = "";
				REEXPORTED_LIBRARY_PATHS = "";
				TARGETED_DEVICE_FAMILY = 1;
			};
			name = Release;
		};
/* End XCBuildConfiguration section */

/* Begin XCConfigurationList section */
		170F79031E013FDA00D99A76 /* Build configuration list for PBXProject "FastDemo" */ = {
			isa = XCConfigurationList;
			buildConfigurations = (
				170F791D1E013FDA00D99A76 /* Debug */,
				170F791E1E013FDA00D99A76 /* Release */,
			);
			defaultConfigurationIsVisible = 0;
			defaultConfigurationName = Release;
		};
		170F791F1E013FDA00D99A76 /* Build configuration list for PBXNativeTarget "FastDemo" */ = {
			isa = XCConfigurationList;
			buildConfigurations = (
				170F79201E013FDA00D99A76 /* Debug */,
				170F79211E013FDA00D99A76 /* Release */,
			);
			defaultConfigurationIsVisible = 0;
			defaultConfigurationName = Release;
		};
/* End XCConfigurationList section */
	};
	rootObject = 170F79001E013FDA00D99A76 /* Project object */;
}
